{
  "nodes": {
    "nixpkgs": {
      "locked": {
        "lastModified": 1607018170,
        "narHash": "sha256-C9VzUgeVCfNrzij2exmWupx8RNu7wxNbD8eReMLGy9I=",
        "owner": "nixos",
        "repo": "nixpkgs",
        "rev": "555641c50462d5ab87afe9ceab7df9d8c7755a37",
        "type": "github"
      },
      "original": {
        "owner": "nixos",
        "ref": "nixpkgs-unstable",
        "repo": "nixpkgs",
        "type": "github"
      }
    },
    "root": {
      "inputs": {
        "nixpkgs": "nixpkgs"
      }
    }
  },
  "root": "root",
  "version": 7
}
